
Microsoft Visual Studio Solution File, Format Version 12.00
# Visual Studio 2013
VisualStudioVersion = 12.0.21005.1
MinimumVisualStudioVersion = 10.0.40219.1
Project("{FAE04EC0-301F-11D3-BF4B-00C04F79EFBC}") = "AcessoBancoDados", "AcessoBancoDados\AcessoBancoDados.csproj", "{55D66C5A-F6FD-410B-958F-8935685136CD}"
EndProject
Project("{FAE04EC0-301F-11D3-BF4B-00C04F79EFBC}") = "Negocios", "Negocios\Negocios.csproj", "{DB3DF0B9-477B-48AB-8EEC-A2F64245640D}"
EndProject
Project("{FAE04EC0-301F-11D3-BF4B-00C04F79EFBC}") = "Apresentacao", "Apresentacao\Apresentacao.csproj", "{3F067F27-1735-4020-BBD3-2AF4B48FB5FB}"
EndProject
Project("{FAE04EC0-301F-11D3-BF4B-00C04F79EFBC}") = "ObjetoTransferencia", "ObjetoTransferencia\ObjetoTransferencia.csproj", "{9F29766B-8C6E-400D-B79B-3E5C71AED75A}"
EndProject
Global
	GlobalSection(SolutionConfigurationPlatforms) = preSolution
		Debug|Any CPU = Debug|Any CPU
		Release|Any CPU = Release|Any CPU
	EndGlobalSection
	GlobalSection(ProjectConfigurationPlatforms) = postSolution
		{55D66C5A-F6FD-410B-958F-8935685136CD}.Debug|Any CPU.ActiveCfg = Debug|Any CPU
		{55D66C5A-F6FD-410B-958F-8935685136CD}.Debug|Any CPU.Build.0 = Debug|Any CPU
		{55D66C5A-F6FD-410B-958F-8935685136CD}.Release|Any CPU.ActiveCfg = Release|Any CPU
		{55D66C5A-F6FD-410B-958F-8935685136CD}.Release|Any CPU.Build.0 = Release|Any CPU
		{DB3DF0B9-477B-48AB-8EEC-A2F64245640D}.Debug|Any CPU.ActiveCfg = Debug|Any CPU
		{DB3DF0B9-477B-48AB-8EEC-A2F64245640D}.Debug|Any CPU.Build.0 = Debug|Any CPU
		{DB3DF0B9-477B-48AB-8EEC-A2F64245640D}.Release|Any CPU.ActiveCfg = Release|Any CPU
		{DB3DF0B9-477B-48AB-8EEC-A2F64245640D}.Release|Any CPU.Build.0 = Release|Any CPU
		{3F067F27-1735-4020-BBD3-2AF4B48FB5FB}.Debug|Any CPU.ActiveCfg = Debug|Any CPU
		{3F067F27-1735-4020-BBD3-2AF4B48FB5FB}.Debug|Any CPU.Build.0 = Debug|Any CPU
		{3F067F27-1735-4020-BBD3-2AF4B48FB5FB}.Release|Any CPU.ActiveCfg = Release|Any CPU
		{3F067F27-1735-4020-BBD3-2AF4B48FB5FB}.Release|Any CPU.Build.0 = Release|Any CPU
		{9F29766B-8C6E-400D-B79B-3E5C71AED75A}.Debug|Any CPU.ActiveCfg = Debug|Any CPU
		{9F29766B-8C6E-400D-B79B-3E5C71AED75A}.Debug|Any CPU.Build.0 = Debug|Any CPU
		{9F29766B-8C6E-400D-B79B-3E5C71AED75A}.Release|Any CPU.ActiveCfg = Release|Any CPU
		{9F29766B-8C6E-400D-B79B-3E5C71AED75A}.Release|Any CPU.Build.0 = Release|Any CPU
	EndGlobalSection
	GlobalSection(SolutionProperties) = preSolution
		HideSolutionNode = FALSE
	EndGlobalSection
EndGlobal
